
Microsoft Visual Studio Solution File, Format Version 12.00
# Visual Studio Version 17
VisualStudioVersion = 17.0.31903.59
MinimumVisualStudioVersion = 10.0.40219.1
Project("{2150E333-8FDC-42A3-9474-1A3956D46DE8}") = "src", "src", "{1BDEF9EA-5427-4AE3-A08B-52B8102A379F}"
EndProject
Project("{FAE04EC0-301F-11D3-BF4B-00C04F79EFBC}") = "EodhdLoader", "src\EodhdLoader\EodhdLoader.csproj", "{18C8638F-5936-43B9-BB9D-98C8C57DEBD2}"
EndProject
Global
	GlobalSection(SolutionConfigurationPlatforms) = preSolution
		Debug|Any CPU = Debug|Any CPU
		Release|Any CPU = Release|Any CPU
	EndGlobalSection
	GlobalSection(SolutionProperties) = preSolution
		HideSolutionNode = FALSE
	EndGlobalSection
	GlobalSection(ProjectConfigurationPlatforms) = postSolution
		{18C8638F-5936-43B9-BB9D-98C8C57DEBD2}.Debug|Any CPU.ActiveCfg = Debug|Any CPU
		{18C8638F-5936-43B9-BB9D-98C8C57DEBD2}.Debug|Any CPU.Build.0 = Debug|Any CPU
		{18C8638F-5936-43B9-BB9D-98C8C57DEBD2}.Release|Any CPU.ActiveCfg = Release|Any CPU
		{18C8638F-5936-43B9-BB9D-98C8C57DEBD2}.Release|Any CPU.Build.0 = Release|Any CPU
	EndGlobalSection
	GlobalSection(NestedProjects) = preSolution
		{18C8638F-5936-43B9-BB9D-98C8C57DEBD2} = {1BDEF9EA-5427-4AE3-A08B-52B8102A379F}
	EndGlobalSection
EndGlobal
